{
  "name": "@melhosseiny/struct",
  "version": "0.0.2",
  "lockfileVersion": 1,
  "requires": true,
  "dependencies": {
    "@melhosseiny/icarus": {
      "version": "0.0.3",
      "resolved": "https://npm.pkg.github.com/download/@melhosseiny/icarus/0.0.3/35e1957f536dbbc759c5ca3b3aa168b4eabc906179217039334c55fa55276de4",
      "integrity": "sha512-FzBmG27cBnCctLjyh6piZPIVN4hI9kCjRasbtDHLTzYwURErT/O/Fkxy6XFnx23ICA6IGe2X7PyzwR/VC/VPUg==",
      "dev": true
    }
  }
}
